{
    "_readme": [
        "This file locks the dependencies of your project to a known state",
        "Read more about it at https://getcomposer.org/doc/01-basic-usage.md#installing-dependencies",
        "This file is @generated automatically"
    ],
    "content-hash": "687eb761987e98840dedc33808f411a3",
    "packages": [
        {
            "name": "mnapoli/silly",
            "version": "1.9.1",
            "source": {
                "type": "git",
                "url": "https://github.com/mnapoli/silly.git",
                "reference": "913d0bc5ff28c5a999d7476191e19be3d1afa04c"
            },
            "dist": {
                "type": "zip",
                "url": "https://api.github.com/repos/mnapoli/silly/zipball/913d0bc5ff28c5a999d7476191e19be3d1afa04c",
                "reference": "913d0bc5ff28c5a999d7476191e19be3d1afa04c",
                "shasum": ""
            },
            "require": {
                "php": ">=7.4",
                "php-di/invoker": "~2.0",
                "psr/container": "^1.0|^2.0",
                "symfony/console": "~3.0|~4.0|~5.0|~6.0|~7.0"
            },
            "require-dev": {
                "friendsofphp/php-cs-fixer": "^2.12",
                "mnapoli/phpunit-easymock": "~1.0",
                "phpunit/phpunit": "^6.4|^7|^8|^9|^10"
            },
            "type": "library",
            "autoload": {
                "psr-4": {
                    "Silly\\": "src/"
                }
            },
            "notification-url": "https://packagist.org/downloads/",
            "license": [
                "MIT"
            ],
            "description": "Silly CLI micro-framework based on Symfony Console",
            "keywords": [
                "PSR-11",
                "cli",
                "console",
                "framework",
                "micro-framework",
                "silly"
            ],
            "support": {
                "issues": "https://github.com/mnapoli/silly/issues",
                "source": "https://github.com/mnapoli/silly/tree/1.9.1"
            },
            "funding": [
                {
                    "url": "https://github.com/mnapoli",
                    "type": "github"
                },
                {
                    "url": "https://tidelift.com/funding/github/packagist/mnapoli/silly",
                    "type": "tidelift"
                }
            ],
            "time": "2024-10-30T10:26:44+00:00"
        },
        {
            "name": "php-di/invoker",
            "version": "2.3.7",
            "source": {
                "type": "git",
                "url": "https://github.com/PHP-DI/Invoker.git",
                "reference": "3c1ddfdef181431fbc4be83378f6d036d59e81e1"
            },
            "dist": {
                "type": "zip",
                "url": "https://api.github.com/repos/PHP-DI/Invoker/zipball/3c1ddfdef181431fbc4be83378f6d036d59e81e1",
                "reference": "3c1ddfdef181431fbc4be83378f6d036d59e81e1",
                "shasum": ""
            },
            "require": {
                "php": ">=7.3",
                "psr/container": "^1.0|^2.0"
            },
            "require-dev": {
                "athletic/athletic": "~0.1.8",
                "mnapoli/hard-mode": "~0.3.0",
                "phpunit/phpunit": "^9.0 || ^10 || ^11 || ^12"
            },
            "type": "library",
            "autoload": {
                "psr-4": {
                    "Invoker\\": "src/"
                }
            },
            "notification-url": "https://packagist.org/downloads/",
            "license": [
                "MIT"
            ],
            "description": "Generic and extensible callable invoker",
            "homepage": "https://github.com/PHP-DI/Invoker",
            "keywords": [
                "callable",
                "dependency",
                "dependency-injection",
                "injection",
                "invoke",
                "invoker"
            ],
            "support": {
                "issues": "https://github.com/PHP-DI/Invoker/issues",
                "source": "https://github.com/PHP-DI/Invoker/tree/2.3.7"
            },
            "funding": [
                {
                    "url": "https://github.com/mnapoli",
                    "type": "github"
                }
            ],
            "time": "2025-08-30T10:22:22+00:00"
        },
        {
            "name": "psr/container",
            "version": "2.0.2",
            "source": {
                "type": "git",
                "url": "https://github.com/php-fig/container.git",
                "reference": "c71ecc56dfe541dbd90c5360474fbc405f8d5963"
            },
            "dist": {
                "type": "zip",
                "url": "https://api.github.com/repos/php-fig/container/zipball/c71ecc56dfe541dbd90c5360474fbc405f8d5963",
                "reference": "c71ecc56dfe541dbd90c5360474fbc405f8d5963",
                "shasum": ""
            },
            "require": {
                "php": ">=7.4.0"
            },
            "type": "library",
            "extra": {
                "branch-alias": {
                    "dev-master": "2.0.x-dev"
                }
            },
            "autoload": {
                "psr-4": {
                    "Psr\\Container\\": "src/"
                }
            },
            "notification-url": "https://packagist.org/downloads/",
            "license": [
                "MIT"
            ],
            "authors": [
                {
                    "name": "PHP-FIG",
                    "homepage": "https://www.php-fig.org/"
                }
            ],
            "description": "Common Container Interface (PHP FIG PSR-11)",
            "homepage": "https://github.com/php-fig/container",
            "keywords": [
                "PSR-11",
                "container",
                "container-interface",
                "container-interop",
                "psr"
            ],
            "support": {
                "issues": "https://github.com/php-fig/container/issues",
                "source": "https://github.com/php-fig/container/tree/2.0.2"
            },
            "time": "2021-11-05T16:47:00+00:00"
        },
        {
            "name": "revolt/event-loop",
            "version": "v1.0.8",
            "version": "v1.0.8",
            "source": {
                "type": "git",
                "url": "https://github.com/revoltphp/event-loop.git",
                "reference": "b6fc06dce8e9b523c9946138fa5e62181934f91c"
                "reference": "b6fc06dce8e9b523c9946138fa5e62181934f91c"
            },
            "dist": {
                "type": "zip",
                "url": "https://api.github.com/repos/revoltphp/event-loop/zipball/b6fc06dce8e9b523c9946138fa5e62181934f91c",
                "reference": "b6fc06dce8e9b523c9946138fa5e62181934f91c",
                "url": "https://api.github.com/repos/revoltphp/event-loop/zipball/b6fc06dce8e9b523c9946138fa5e62181934f91c",
                "reference": "b6fc06dce8e9b523c9946138fa5e62181934f91c",
                "shasum": ""
            },
            "require": {
                "php": ">=8.1"
            },
            "require-dev": {
                "ext-json": "*",
                "jetbrains/phpstorm-stubs": "^2019.3",
                "phpunit/phpunit": "^9",
                "psalm/phar": "^5.15"
            },
            "type": "library",
            "extra": {
                "branch-alias": {
                    "dev-main": "1.x-dev"
                }
            },
            "autoload": {
                "psr-4": {
                    "Revolt\\": "src"
                }
            },
            "notification-url": "https://packagist.org/downloads/",
            "license": [
                "MIT"
            ],
            "authors": [
                {
                    "name": "Aaron Piotrowski",
                    "email": "aaron@trowski.com"
                },
                {
                    "name": "Cees-Jan Kiewiet",
                    "email": "ceesjank@gmail.com"
                },
                {
                    "name": "Christian Lück",
                    "email": "christian@clue.engineering"
                },
                {
                    "name": "Niklas Keller",
                    "email": "me@kelunik.com"
                }
            ],
            "description": "Rock-solid event loop for concurrent PHP applications.",
            "keywords": [
                "async",
                "asynchronous",
                "concurrency",
                "event",
                "event-loop",
                "non-blocking",
                "scheduler"
            ],
            "support": {
                "issues": "https://github.com/revoltphp/event-loop/issues",
                "source": "https://github.com/revoltphp/event-loop/tree/v1.0.8"
                "source": "https://github.com/revoltphp/event-loop/tree/v1.0.8"
            },
            "time": "2025-08-27T21:33:23+00:00"
            "time": "2025-08-27T21:33:23+00:00"
        },
        {
            "name": "symfony/console",
            "version": "v7.4.1",
            "source": {
                "type": "git",
                "url": "https://github.com/symfony/console.git",
                "reference": "6d9f0fbf2ec2e9785880096e3abd0ca0c88b506e"
            },
            "dist": {
                "type": "zip",
                "url": "https://api.github.com/repos/symfony/console/zipball/6d9f0fbf2ec2e9785880096e3abd0ca0c88b506e",
                "reference": "6d9f0fbf2ec2e9785880096e3abd0ca0c88b506e",
                "shasum": ""
            },
            "require": {
                "php": ">=8.2",
                "symfony/deprecation-contracts": "^2.5|^3",
                "symfony/polyfill-mbstring": "~1.0",
                "symfony/service-contracts": "^2.5|^3",
                "symfony/string": "^7.2|^8.0"
                "symfony/string": "^7.2|^8.0"
            },
            "conflict": {
                "symfony/dependency-injection": "<6.4",
                "symfony/dotenv": "<6.4",
                "symfony/event-dispatcher": "<6.4",
                "symfony/lock": "<6.4",
                "symfony/process": "<6.4"
            },
            "provide": {
                "psr/log-implementation": "1.0|2.0|3.0"
            },
            "require-dev": {
                "psr/log": "^1|^2|^3",
                "symfony/config": "^6.4|^7.0|^8.0",
                "symfony/dependency-injection": "^6.4|^7.0|^8.0",
                "symfony/event-dispatcher": "^6.4|^7.0|^8.0",
                "symfony/http-foundation": "^6.4|^7.0|^8.0",
                "symfony/http-kernel": "^6.4|^7.0|^8.0",
                "symfony/lock": "^6.4|^7.0|^8.0",
                "symfony/messenger": "^6.4|^7.0|^8.0",
                "symfony/process": "^6.4|^7.0|^8.0",
                "symfony/stopwatch": "^6.4|^7.0|^8.0",
                "symfony/var-dumper": "^6.4|^7.0|^8.0"
                "symfony/config": "^6.4|^7.0|^8.0",
                "symfony/dependency-injection": "^6.4|^7.0|^8.0",
                "symfony/event-dispatcher": "^6.4|^7.0|^8.0",
                "symfony/http-foundation": "^6.4|^7.0|^8.0",
                "symfony/http-kernel": "^6.4|^7.0|^8.0",
                "symfony/lock": "^6.4|^7.0|^8.0",
                "symfony/messenger": "^6.4|^7.0|^8.0",
                "symfony/process": "^6.4|^7.0|^8.0",
                "symfony/stopwatch": "^6.4|^7.0|^8.0",
                "symfony/var-dumper": "^6.4|^7.0|^8.0"
            },
            "type": "library",
            "autoload": {
                "psr-4": {
                    "Symfony\\Component\\Console\\": ""
                },
                "exclude-from-classmap": [
                    "/Tests/"
                ]
            },
            "notification-url": "https://packagist.org/downloads/",
            "license": [
                "MIT"
            ],
            "authors": [
                {
                    "name": "Fabien Potencier",
                    "email": "fabien@symfony.com"
                },
                {
                    "name": "Symfony Community",
                    "homepage": "https://symfony.com/contributors"
                }
            ],
            "description": "Eases the creation of beautiful and testable command line interfaces",
            "homepage": "https://symfony.com",
            "keywords": [
                "cli",
                "command-line",
                "console",
                "terminal"
            ],
            "support": {
                "source": "https://github.com/symfony/console/tree/v7.4.1"
            },
            "funding": [
                {
                    "url": "https://symfony.com/sponsor",
                    "type": "custom"
                },
                {
                    "url": "https://github.com/fabpot",
                    "type": "github"
                },
                {
                    "url": "https://github.com/nicolas-grekas",
                    "type": "github"
                },
                {
                    "url": "https://tidelift.com/funding/github/packagist/symfony/symfony",
                    "type": "tidelift"
                }
            ],
            "time": "2025-12-05T15:23:39+00:00"
        },
        {
            "name": "symfony/deprecation-contracts",
            "version": "v3.6.0",
            "source": {
                "type": "git",
                "url": "https://github.com/symfony/deprecation-contracts.git",
                "reference": "63afe740e99a13ba87ec199bb07bbdee937a5b62"
            },
            "dist": {
                "type": "zip",
                "url": "https://api.github.com/repos/symfony/deprecation-contracts/zipball/63afe740e99a13ba87ec199bb07bbdee937a5b62",
                "reference": "63afe740e99a13ba87ec199bb07bbdee937a5b62",
                "shasum": ""
            },
            "require": {
                "php": ">=8.1"
            },
            "type": "library",
            "extra": {
                "thanks": {
                    "url": "https://github.com/symfony/contracts",
                    "name": "symfony/contracts"
                },
                "branch-alias": {
                    "dev-main": "3.6-dev"
                }
            },
            "autoload": {
                "files": [
                    "function.php"
                ]
            },
            "notification-url": "https://packagist.org/downloads/",
            "license": [
                "MIT"
            ],
            "authors": [
                {
                    "name": "Nicolas Grekas",
                    "email": "p@tchwork.com"
                },
                {
                    "name": "Symfony Community",
                    "homepage": "https://symfony.com/contributors"
                }
            ],
            "description": "A generic function and convention to trigger deprecation notices",
            "homepage": "https://symfony.com",
            "support": {
                "source": "https://github.com/symfony/deprecation-contracts/tree/v3.6.0"
            },
            "funding": [
                {
                    "url": "https://symfony.com/sponsor",
                    "type": "custom"
                },
                {
                    "url": "https://github.com/fabpot",
                    "type": "github"
                },
                {
                    "url": "https://tidelift.com/funding/github/packagist/symfony/symfony",
                    "type": "tidelift"
                }
            ],
            "time": "2024-09-25T14:21:43+00:00"
        },
        {
            "name": "symfony/polyfill-ctype",
            "version": "v1.33.0",
            "source": {
                "type": "git",
                "url": "https://github.com/symfony/polyfill-ctype.git",
                "reference": "a3cc8b044a6ea513310cbd48ef7333b384945638"
            },
            "dist": {
                "type": "zip",
                "url": "https://api.github.com/repos/symfony/polyfill-ctype/zipball/a3cc8b044a6ea513310cbd48ef7333b384945638",
                "reference": "a3cc8b044a6ea513310cbd48ef7333b384945638",
                "shasum": ""
            },
            "require": {
                "php": ">=7.2"
            },
            "provide": {
                "ext-ctype": "*"
            },
            "suggest": {
                "ext-ctype": "For best performance"
            },
            "type": "library",
            "extra": {
                "thanks": {
                    "url": "https://github.com/symfony/polyfill",
                    "name": "symfony/polyfill"
                }
            },
            "autoload": {
                "files": [
                    "bootstrap.php"
                ],
                "psr-4": {
                    "Symfony\\Polyfill\\Ctype\\": ""
                }
            },
            "notification-url": "https://packagist.org/downloads/",
            "license": [
                "MIT"
            ],
            "authors": [
                {
                    "name": "Gert de Pagter",
                    "email": "BackEndTea@gmail.com"
                },
                {
                    "name": "Symfony Community",
                    "homepage": "https://symfony.com/contributors"
                }
            ],
            "description": "Symfony polyfill for ctype functions",
            "homepage": "https://symfony.com",
            "keywords": [
                "compatibility",
                "ctype",
                "polyfill",
                "portable"
            ],
            "support": {
                "source": "https://github.com/symfony/polyfill-ctype/tree/v1.33.0"
            },
            "funding": [
                {
                    "url": "https://symfony.com/sponsor",
                    "type": "custom"
                },
                {
                    "url": "https://github.com/fabpot",
                    "type": "github"
                },
                {
                    "url": "https://github.com/nicolas-grekas",
                    "type": "github"
                },
                {
                    "url": "https://tidelift.com/funding/github/packagist/symfony/symfony",
                    "type": "tidelift"
                }
            ],
            "time": "2024-09-09T11:45:10+00:00"
        },
        {
            "name": "symfony/polyfill-intl-grapheme",
            "version": "v1.33.0",
            "source": {
                "type": "git",
                "url": "https://github.com/symfony/polyfill-intl-grapheme.git",
                "reference": "380872130d3a5dd3ace2f4010d95125fde5d5c70"
            },
            "dist": {
                "type": "zip",
                "url": "https://api.github.com/repos/symfony/polyfill-intl-grapheme/zipball/380872130d3a5dd3ace2f4010d95125fde5d5c70",
                "reference": "380872130d3a5dd3ace2f4010d95125fde5d5c70",
                "shasum": ""
            },
            "require": {
                "php": ">=7.2"
            },
            "suggest": {
                "ext-intl": "For best performance"
            },
            "type": "library",
            "extra": {
                "thanks": {
                    "url": "https://github.com/symfony/polyfill",
                    "name": "symfony/polyfill"
                }
            },
            "autoload": {
                "files": [
                    "bootstrap.php"
                ],
                "psr-4": {
                    "Symfony\\Polyfill\\Intl\\Grapheme\\": ""
                }
            },
            "notification-url": "https://packagist.org/downloads/",
            "license": [
                "MIT"
            ],
            "authors": [
                {
                    "name": "Nicolas Grekas",
                    "email": "p@tchwork.com"
                },
                {
                    "name": "Symfony Community",
                    "homepage": "https://symfony.com/contributors"
                }
            ],
            "description": "Symfony polyfill for intl's grapheme_* functions",
            "homepage": "https://symfony.com",
            "keywords": [
                "compatibility",
                "grapheme",
                "intl",
                "polyfill",
                "portable",
                "shim"
            ],
            "support": {
                "source": "https://github.com/symfony/polyfill-intl-grapheme/tree/v1.33.0"
            },
            "funding": [
                {
                    "url": "https://symfony.com/sponsor",
                    "type": "custom"
                },
                {
                    "url": "https://github.com/fabpot",
                    "type": "github"
                },
                {
                    "url": "https://github.com/nicolas-grekas",
                    "type": "github"
                },
                {
                    "url": "https://tidelift.com/funding/github/packagist/symfony/symfony",
                    "type": "tidelift"
                }
            ],
            "time": "2025-06-27T09:58:17+00:00"
        },
        {
            "name": "symfony/polyfill-intl-normalizer",
            "version": "v1.33.0",
            "source": {
                "type": "git",
                "url": "https://github.com/symfony/polyfill-intl-normalizer.git",
                "reference": "3833d7255cc303546435cb650316bff708a1c75c"
            },
            "dist": {
                "type": "zip",
                "url": "https://api.github.com/repos/symfony/polyfill-intl-normalizer/zipball/3833d7255cc303546435cb650316bff708a1c75c",
                "reference": "3833d7255cc303546435cb650316bff708a1c75c",
                "shasum": ""
            },
            "require": {
                "php": ">=7.2"
            },
            "suggest": {
                "ext-intl": "For best performance"
            },
            "type": "library",
            "extra": {
                "thanks": {
                    "url": "https://github.com/symfony/polyfill",
                    "name": "symfony/polyfill"
                }
            },
            "autoload": {
                "files": [
                    "bootstrap.php"
                ],
                "psr-4": {
                    "Symfony\\Polyfill\\Intl\\Normalizer\\": ""
                },
                "classmap": [
                    "Resources/stubs"
                ]
            },
            "notification-url": "https://packagist.org/downloads/",
            "license": [
                "MIT"
            ],
            "authors": [
                {
                    "name": "Nicolas Grekas",
                    "email": "p@tchwork.com"
                },
                {
                    "name": "Symfony Community",
                    "homepage": "https://symfony.com/contributors"
                }
            ],
            "description": "Symfony polyfill for intl's Normalizer class and related functions",
            "homepage": "https://symfony.com",
            "keywords": [
                "compatibility",
                "intl",
                "normalizer",
                "polyfill",
                "portable",
                "shim"
            ],
            "support": {
                "source": "https://github.com/symfony/polyfill-intl-normalizer/tree/v1.33.0"
            },
            "funding": [
                {
                    "url": "https://symfony.com/sponsor",
                    "type": "custom"
                },
                {
                    "url": "https://github.com/fabpot",
                    "type": "github"
                },
                {
                    "url": "https://github.com/nicolas-grekas",
                    "type": "github"
                },
                {
                    "url": "https://tidelift.com/funding/github/packagist/symfony/symfony",
                    "type": "tidelift"
                }
            ],
            "time": "2024-09-09T11:45:10+00:00"
        },
        {
            "name": "symfony/polyfill-mbstring",
            "version": "v1.33.0",
            "source": {
                "type": "git",
                "url": "https://github.com/symfony/polyfill-mbstring.git",
                "reference": "6d857f4d76bd4b343eac26d6b539585d2bc56493"
            },
            "dist": {
                "type": "zip",
                "url": "https://api.github.com/repos/symfony/polyfill-mbstring/zipball/6d857f4d76bd4b343eac26d6b539585d2bc56493",
                "reference": "6d857f4d76bd4b343eac26d6b539585d2bc56493",
                "shasum": ""
            },
            "require": {
                "ext-iconv": "*",
                "php": ">=7.2"
            },
            "provide": {
                "ext-mbstring": "*"
            },
            "suggest": {
                "ext-mbstring": "For best performance"
            },
            "type": "library",
            "extra": {
                "thanks": {
                    "url": "https://github.com/symfony/polyfill",
                    "name": "symfony/polyfill"
                }
            },
            "autoload": {
                "files": [
                    "bootstrap.php"
                ],
                "psr-4": {
                    "Symfony\\Polyfill\\Mbstring\\": ""
                }
            },
            "notification-url": "https://packagist.org/downloads/",
            "license": [
                "MIT"
            ],
            "authors": [
                {
                    "name": "Nicolas Grekas",
                    "email": "p@tchwork.com"
                },
                {
                    "name": "Symfony Community",
                    "homepage": "https://symfony.com/contributors"
                }
            ],
            "description": "Symfony polyfill for the Mbstring extension",
            "homepage": "https://symfony.com",
            "keywords": [
                "compatibility",
                "mbstring",
                "polyfill",
                "portable",
                "shim"
            ],
            "support": {
                "source": "https://github.com/symfony/polyfill-mbstring/tree/v1.33.0"
            },
            "funding": [
                {
                    "url": "https://symfony.com/sponsor",
                    "type": "custom"
                },
                {
                    "url": "https://github.com/fabpot",
                    "type": "github"
                },
                {
                    "url": "https://github.com/nicolas-grekas",
                    "type": "github"
                },
                {
                    "url": "https://tidelift.com/funding/github/packagist/symfony/symfony",
                    "type": "tidelift"
                }
            ],
            "time": "2024-12-23T08:48:59+00:00"
        },
        {
            "name": "symfony/service-contracts",
            "version": "v3.6.1",
            "source": {
                "type": "git",
                "url": "https://github.com/symfony/service-contracts.git",
                "reference": "45112560a3ba2d715666a509a0bc9521d10b6c43"
            },
            "dist": {
                "type": "zip",
                "url": "https://api.github.com/repos/symfony/service-contracts/zipball/45112560a3ba2d715666a509a0bc9521d10b6c43",
                "reference": "45112560a3ba2d715666a509a0bc9521d10b6c43",
                "shasum": ""
            },
            "require": {
                "php": ">=8.1",
                "psr/container": "^1.1|^2.0",
                "symfony/deprecation-contracts": "^2.5|^3"
            },
            "conflict": {
                "ext-psr": "<1.1|>=2"
            },
            "type": "library",
            "extra": {
                "thanks": {
                    "url": "https://github.com/symfony/contracts",
                    "name": "symfony/contracts"
                },
                "branch-alias": {
                    "dev-main": "3.6-dev"
                }
            },
            "autoload": {
                "psr-4": {
                    "Symfony\\Contracts\\Service\\": ""
                },
                "exclude-from-classmap": [
                    "/Test/"
                ]
            },
            "notification-url": "https://packagist.org/downloads/",
            "license": [
                "MIT"
            ],
            "authors": [
                {
                    "name": "Nicolas Grekas",
                    "email": "p@tchwork.com"
                },
                {
                    "name": "Symfony Community",
                    "homepage": "https://symfony.com/contributors"
                }
            ],
            "description": "Generic abstractions related to writing services",
            "homepage": "https://symfony.com",
            "keywords": [
                "abstractions",
                "contracts",
                "decoupling",
                "interfaces",
                "interoperability",
                "standards"
            ],
            "support": {
                "source": "https://github.com/symfony/service-contracts/tree/v3.6.1"
            },
            "funding": [
                {
                    "url": "https://symfony.com/sponsor",
                    "type": "custom"
                },
                {
                    "url": "https://github.com/fabpot",
                    "type": "github"
                },
                {
                    "url": "https://github.com/nicolas-grekas",
                    "type": "github"
                },
                {
                    "url": "https://tidelift.com/funding/github/packagist/symfony/symfony",
                    "type": "tidelift"
                }
            ],
            "time": "2025-07-15T11:30:57+00:00"
        },
        {
            "name": "symfony/string",
            "version": "v8.0.1",
            "source": {
                "type": "git",
                "url": "https://github.com/symfony/string.git",
                "reference": "ba65a969ac918ce0cc3edfac6cdde847eba231dc"
            },
            "dist": {
                "type": "zip",
                "url": "https://api.github.com/repos/symfony/string/zipball/ba65a969ac918ce0cc3edfac6cdde847eba231dc",
                "reference": "ba65a969ac918ce0cc3edfac6cdde847eba231dc",
                "shasum": ""
            },
            "require": {
                "php": ">=8.4",
                "symfony/polyfill-ctype": "^1.8",
                "symfony/polyfill-intl-grapheme": "^1.33",
                "symfony/polyfill-intl-normalizer": "^1.0",
                "symfony/polyfill-mbstring": "^1.0"
                "php": ">=8.4",
                "symfony/polyfill-ctype": "^1.8",
                "symfony/polyfill-intl-grapheme": "^1.33",
                "symfony/polyfill-intl-normalizer": "^1.0",
                "symfony/polyfill-mbstring": "^1.0"
            },
            "conflict": {
                "symfony/translation-contracts": "<2.5"
            },
            "require-dev": {
                "symfony/emoji": "^7.4|^8.0",
                "symfony/http-client": "^7.4|^8.0",
                "symfony/intl": "^7.4|^8.0",
                "symfony/emoji": "^7.4|^8.0",
                "symfony/http-client": "^7.4|^8.0",
                "symfony/intl": "^7.4|^8.0",
                "symfony/translation-contracts": "^2.5|^3.0",
                "symfony/var-exporter": "^7.4|^8.0"
                "symfony/var-exporter": "^7.4|^8.0"
            },
            "type": "library",
            "autoload": {
                "files": [
                    "Resources/functions.php"
                ],
                "psr-4": {
                    "Symfony\\Component\\String\\": ""
                },
                "exclude-from-classmap": [
                    "/Tests/"
                ]
            },
            "notification-url": "https://packagist.org/downloads/",
            "license": [
                "MIT"
            ],
            "authors": [
                {
                    "name": "Nicolas Grekas",
                    "email": "p@tchwork.com"
                },
                {
                    "name": "Symfony Community",
                    "homepage": "https://symfony.com/contributors"
                }
            ],
            "description": "Provides an object-oriented API to strings and deals with bytes, UTF-8 code points and grapheme clusters in a unified way",
            "homepage": "https://symfony.com",
            "keywords": [
                "grapheme",
                "i18n",
                "string",
                "unicode",
                "utf-8",
                "utf8"
            ],
            "support": {
                "source": "https://github.com/symfony/string/tree/v8.0.1"
            },
            "funding": [
                {
                    "url": "https://symfony.com/sponsor",
                    "type": "custom"
                },
                {
                    "url": "https://github.com/fabpot",
                    "type": "github"
                },
                {
                    "url": "https://github.com/nicolas-grekas",
                    "type": "github"
                },
                {
                    "url": "https://tidelift.com/funding/github/packagist/symfony/symfony",
                    "type": "tidelift"
                }
            ],
            "time": "2025-12-01T09:13:36+00:00"
        },
        {
            "name": "symfony/yaml",
            "version": "v8.0.1",
            "source": {
                "type": "git",
                "url": "https://github.com/symfony/yaml.git",
                "reference": "7a1a90ba1df6e821a6b53c4cabdc32a56cabfb14"
            },
            "dist": {
                "type": "zip",
                "url": "https://api.github.com/repos/symfony/yaml/zipball/7a1a90ba1df6e821a6b53c4cabdc32a56cabfb14",
                "reference": "7a1a90ba1df6e821a6b53c4cabdc32a56cabfb14",
                "shasum": ""
            },
            "require": {
                "php": ">=8.4",
                "symfony/polyfill-ctype": "^1.8"
            },
            "conflict": {
                "symfony/console": "<7.4"
            },
            "require-dev": {
                "symfony/console": "^7.4|^8.0"
            },
            "bin": [
                "Resources/bin/yaml-lint"
            ],
            "type": "library",
            "autoload": {
                "psr-4": {
                    "Symfony\\Component\\Yaml\\": ""
                },
                "exclude-from-classmap": [
                    "/Tests/"
                ]
            },
            "notification-url": "https://packagist.org/downloads/",
            "license": [
                "MIT"
            ],
            "authors": [
                {
                    "name": "Fabien Potencier",
                    "email": "fabien@symfony.com"
                },
                {
                    "name": "Symfony Community",
                    "homepage": "https://symfony.com/contributors"
                }
            ],
            "description": "Loads and dumps YAML files",
            "homepage": "https://symfony.com",
            "support": {
                "source": "https://github.com/symfony/yaml/tree/v8.0.1"
            },
            "funding": [
                {
                    "url": "https://symfony.com/sponsor",
                    "type": "custom"
                },
                {
                    "url": "https://github.com/fabpot",
                    "type": "github"
                },
                {
                    "url": "https://github.com/nicolas-grekas",
                    "type": "github"
                },
                {
                    "url": "https://tidelift.com/funding/github/packagist/symfony/symfony",
                    "type": "tidelift"
                }
            ],
            "time": "2025-12-04T18:17:06+00:00"
        },
        {
            "name": "vardumper/extended-htmldocument",
            "version": "0.2.63",
            "source": {
                "type": "git",
                "url": "https://github.com/vardumper/extended-htmldocument.git",
                "reference": "f8e2d3d02721b52b599aba2449ee1f7aac3a6096"
            },
            "dist": {
                "type": "zip",
                "url": "https://api.github.com/repos/vardumper/extended-htmldocument/zipball/f8e2d3d02721b52b599aba2449ee1f7aac3a6096",
                "reference": "f8e2d3d02721b52b599aba2449ee1f7aac3a6096",
                "shasum": ""
            },
            "require": {
                "ext-dom": "*",
                "mnapoli/silly": "^1.9.1",
                "php": "^8.4",
                "revolt/event-loop": "^1.0.8",
                "symfony/yaml": "^5.4|^7.0|^8.0.1"
            },
            "require-dev": {
                "amphp/file": ">=3.2",
                "brainmaestro/composer-git-hooks": "dev-master",
                "edent/pretty-print-html": "2025-04-18",
                "friendsofphp/php-cs-fixer": "^3.92.3",
                "pestphp/pest": "^3.8.4",
                "pestphp/pest-plugin-drift": "^3.0",
                "pestphp/pest-plugin-type-coverage": "^3.6.1",
                "phpmd/phpmd": "^2.15",
                "phpstan/phpstan": "^2.1.33",
                "rector/swiss-knife": "^2.3.3",
                "symfony/ux-twig-component": "^2.31",
                "symplify/easy-coding-standard": "^12.6.2"
            },
            "suggest": {
                "ext-tidy": "Required for formatting HTML5 output."
            },
            "bin": [
                "bin/ext-html"
            ],
            "type": "library",
            "extra": {
                "hooks": {
                    "commit-msg": [
                        ".githooks/commit-msg"
                    ],
                    "pre-commit": [
                        ".githooks/pre-commit"
                    ],
                    "post-commit": [
                        ".githooks/post-commit"
                    ]
                }
            },
            "autoload": {
                "psr-4": {
                    "Html\\": "src/"
                }
            },
            "notification-url": "https://packagist.org/downloads/",
            "license": [
                "MIT"
            ],
            "authors": [
                {
                    "name": "Erik Pöhler",
                    "email": "erik.poehler@fork.de"
                }
            ],
            "description": "ExtendedHTMLDocument is a simple PHP library which adds all HTML5 Elements as PHP classes and extends PHP 8.4's DOM\\HTMLDocument class.",
            "homepage": "https://github.com/vardumper/extended-htmldocument",
            "keywords": [
                "HTML5",
                "code generation",
                "code generator",
                "document",
                "dom",
                "extended",
                "html",
                "htmldocument",
                "php",
                "php8",
                "php84"
            ],
            "support": {
                "docs": "https://vardumper.github.io/extended-htmldocument/",
                "issues": "https://github.com/vardumper/extended-htmldocument/issues",
                "source": "https://github.com/vardumper/extended-htmldocument"
            },
            "funding": [
                {
                    "url": "https://www.buymeacoffee.com/vardumper",
                    "type": "buymeacoffee"
                },
                {
                    "url": "https://www.patreon.com/vardumper",
                    "type": "custom"
                },
                {
                    "url": "https://github.com/sponsors/vardumper",
                    "type": "github"
                }
            ],
            "time": "2025-12-28T15:59:18+00:00"
        }
    ],
    "packages-dev": [],
    "aliases": [],
    "minimum-stability": "stable",
    "stability-flags": {},
    "prefer-stable": false,
    "prefer-lowest": false,
    "platform": {},
    "platform-dev": {},
    "plugin-api-version": "2.6.0"
}
