# This file is generated by running "yarn install" inside your project.
# Manual changes might be lost - proceed with caution!

__metadata:
  version: 8
  cacheKey: 10c0

"@types/prop-types@npm:*":
  version: 15.7.15
  resolution: "@types/prop-types@npm:15.7.15"
  checksum: 10c0/b59aad1ad19bf1733cf524fd4e618196c6c7690f48ee70a327eb450a42aab8e8a063fbe59ca0a5701aebe2d92d582292c0fb845ea57474f6a15f6994b0e260b2
  languageName: node
  linkType: hard

"@types/react-dom@npm:^18.3.1":
  version: 18.3.7
  resolution: "@types/react-dom@npm:18.3.7"
  peerDependencies:
    "@types/react": ^18.0.0
  checksum: 10c0/8bd309e2c3d1604a28a736a24f96cbadf6c05d5288cfef8883b74f4054c961b6b3a5e997fd5686e492be903c8f3380dba5ec017eff3906b1256529cd2d39603e
  languageName: node
  linkType: hard

"@types/react@npm:^18.3.12":
  version: 18.3.26
  resolution: "@types/react@npm:18.3.26"
  dependencies:
    "@types/prop-types": "npm:*"
    csstype: "npm:^3.0.2"
  checksum: 10c0/7b62d91c33758f14637311921c92db6045b6328e2300666a35ef8130d06385e39acada005eaf317eee93228edc10ea5f0cd34a0385654d2014d24699a65bfeef
  languageName: node
  linkType: hard

"@vardumper/extended-htmldocument-nextjs@workspace:.":
  version: 0.0.0-use.local
  resolution: "@vardumper/extended-htmldocument-nextjs@workspace:."
  dependencies:
    "@types/react": "npm:^18.3.12"
    "@types/react-dom": "npm:^18.3.1"
    typescript: "npm:^5.6.3"
  peerDependencies:
    react: ^18.0.0 || ^19.0.0
    react-dom: ^18.0.0 || ^19.0.0
  languageName: unknown
  linkType: soft

"csstype@npm:^3.0.2":
  version: 3.1.3
  resolution: "csstype@npm:3.1.3"
  checksum: 10c0/80c089d6f7e0c5b2bd83cf0539ab41474198579584fa10d86d0cafe0642202343cbc119e076a0b1aece191989477081415d66c9fefbf3c957fc2fc4b7009f248
  languageName: node
  linkType: hard

"typescript@npm:^5.6.3":
  version: 5.9.3
  resolution: "typescript@npm:5.9.3"
  bin:
    tsc: bin/tsc
    tsserver: bin/tsserver
  checksum: 10c0/6bd7552ce39f97e711db5aa048f6f9995b53f1c52f7d8667c1abdc1700c68a76a308f579cd309ce6b53646deb4e9a1be7c813a93baaf0a28ccd536a30270e1c5
  languageName: node
  linkType: hard

"typescript@patch:typescript@npm%3A^5.6.3#optional!builtin<compat/typescript>":
  version: 5.9.3
  resolution: "typescript@patch:typescript@npm%3A5.9.3#optional!builtin<compat/typescript>::version=5.9.3&hash=5786d5"
  bin:
    tsc: bin/tsc
    tsserver: bin/tsserver
  checksum: 10c0/ad09fdf7a756814dce65bc60c1657b40d44451346858eea230e10f2e95a289d9183b6e32e5c11e95acc0ccc214b4f36289dcad4bf1886b0adb84d711d336a430
  languageName: node
  linkType: hard
